
Microsoft Visual Studio Solution File, Format Version 12.00
# Visual Studio Version 16
VisualStudioVersion = 16.0.809.1
MinimumVisualStudioVersion = 10.0.40219.1
Project("{FAE04EC0-301F-11D3-BF4B-00C04F79EFBC}") = "TextEditor", "TextEditor\TextEditor.csproj", "{CAD12F93-0EA0-40C4-BA2F-B979A6E429B5}"
EndProject
Global
	GlobalSection(SolutionConfigurationPlatforms) = preSolution
		Debug|Any CPU = Debug|Any CPU
		Release|Any CPU = Release|Any CPU
	EndGlobalSection
	GlobalSection(ProjectConfigurationPlatforms) = postSolution
		{CAD12F93-0EA0-40C4-BA2F-B979A6E429B5}.Debug|Any CPU.ActiveCfg = Debug|Any CPU
		{CAD12F93-0EA0-40C4-BA2F-B979A6E429B5}.Debug|Any CPU.Build.0 = Debug|Any CPU
		{CAD12F93-0EA0-40C4-BA2F-B979A6E429B5}.Release|Any CPU.ActiveCfg = Release|Any CPU
		{CAD12F93-0EA0-40C4-BA2F-B979A6E429B5}.Release|Any CPU.Build.0 = Release|Any CPU
	EndGlobalSection
	GlobalSection(SolutionProperties) = preSolution
		HideSolutionNode = FALSE
	EndGlobalSection
	GlobalSection(ExtensibilityGlobals) = postSolution
		SolutionGuid = {2A9959C2-CCFB-404B-8D76-D4910D794593}
	EndGlobalSection
EndGlobal
